// !$*UTF8*$!
{
	archiveVersion = 1;
	classes = {
	};
	objectVersion = 56;
	objects = {

/* Begin PBXBuildFile section */
		481153BE2A4DFB710066FB10 /* GenericWebService.swift in Sources */ = {isa = PBXBuildFile; fileRef = 481153BD2A4DFB710066FB10 /* GenericWebService.swift */; };
		481153C02A4DFB9A0066FB10 /* DataFetcher.swift in Sources */ = {isa = PBXBuildFile; fileRef = 481153BF2A4DFB9A0066FB10 /* DataFetcher.swift */; };
		481153C22A4DFBB40066FB10 /* WebServiceErrors.swift in Sources */ = {isa = PBXBuildFile; fileRef = 481153C12A4DFBB40066FB10 /* WebServiceErrors.swift */; };
		481153C52A4F06F60066FB10 /* MoviesWebService.swift in Sources */ = {isa = PBXBuildFile; fileRef = 481153C42A4F06F60066FB10 /* MoviesWebService.swift */; };
		481153C82A4F08550066FB10 /* URL+queryItemName.swift in Sources */ = {isa = PBXBuildFile; fileRef = 481153C72A4F08550066FB10 /* URL+queryItemName.swift */; };
		481153CA2A4F08880066FB10 /* URL+appendingAPIKey.swift in Sources */ = {isa = PBXBuildFile; fileRef = 481153C92A4F08880066FB10 /* URL+appendingAPIKey.swift */; };
		481153CD2A4F08EC0066FB10 /* URL+appendingQueryItem.swift in Sources */ = {isa = PBXBuildFile; fileRef = 481153CC2A4F08EC0066FB10 /* URL+appendingQueryItem.swift */; };
		481153CF2A4F09040066FB10 /* URL+appendingPathComponent.swift in Sources */ = {isa = PBXBuildFile; fileRef = 481153CE2A4F09040066FB10 /* URL+appendingPathComponent.swift */; };
		481153D12A4F09880066FB10 /* URL+appendingPage.swift in Sources */ = {isa = PBXBuildFile; fileRef = 481153D02A4F09880066FB10 /* URL+appendingPage.swift */; };
		481153D42A4F0E580066FB10 /* URL+tmdbAPIBaseURL.swift in Sources */ = {isa = PBXBuildFile; fileRef = 481153D32A4F0E580066FB10 /* URL+tmdbAPIBaseURL.swift */; };
		481153D72A4F14E40066FB10 /* APICliente.swift in Sources */ = {isa = PBXBuildFile; fileRef = 481153D62A4F14E40066FB10 /* APICliente.swift */; };
		481153D92A4F152E0066FB10 /* URL+appendingLanguage.swift in Sources */ = {isa = PBXBuildFile; fileRef = 481153D82A4F152E0066FB10 /* URL+appendingLanguage.swift */; };
		481153DC2A4F1EFA0066FB10 /* TMDbMovieResult.swift in Sources */ = {isa = PBXBuildFile; fileRef = 481153DB2A4F1EFA0066FB10 /* TMDbMovieResult.swift */; };
		481153DE2A4F1F3F0066FB10 /* TMDbMovie.swift in Sources */ = {isa = PBXBuildFile; fileRef = 481153DD2A4F1F3F0066FB10 /* TMDbMovie.swift */; };
		481153E02A4F1F850066FB10 /* MoviesRepository.swift in Sources */ = {isa = PBXBuildFile; fileRef = 481153DF2A4F1F850066FB10 /* MoviesRepository.swift */; };
		481153EC2A4F319E0066FB10 /* GetPopularMovies.swift in Sources */ = {isa = PBXBuildFile; fileRef = 481153EB2A4F319E0066FB10 /* GetPopularMovies.swift */; };
		481153EF2A4F33190066FB10 /* ToDomainModelMapping.swift in Sources */ = {isa = PBXBuildFile; fileRef = 481153EE2A4F33190066FB10 /* ToDomainModelMapping.swift */; };
		481153F22A4F333E0066FB10 /* MovieResult.swift in Sources */ = {isa = PBXBuildFile; fileRef = 481153F12A4F333E0066FB10 /* MovieResult.swift */; };
		481153F42A4F33D40066FB10 /* Movie.swift in Sources */ = {isa = PBXBuildFile; fileRef = 481153F32A4F33D40066FB10 /* Movie.swift */; };
		481E2E6A2A52D04600EF5361 /* MovieListCell.swift in Sources */ = {isa = PBXBuildFile; fileRef = 481E2E692A52D04600EF5361 /* MovieListCell.swift */; };
		481E2E6C2A52D0E400EF5361 /* MovieListViewController.swift in Sources */ = {isa = PBXBuildFile; fileRef = 48BE3A5F2A4DE8C700BF894E /* MovieListViewController.swift */; };
		481E2E6E2A52D11A00EF5361 /* TMDbAPILiveClient.swift in Sources */ = {isa = PBXBuildFile; fileRef = 481E2E6D2A52D11A00EF5361 /* TMDbAPILiveClient.swift */; };
		481E2E702A52D1F800EF5361 /* MovieListCellViewModel.swift in Sources */ = {isa = PBXBuildFile; fileRef = 481E2E6F2A52D1F800EF5361 /* MovieListCellViewModel.swift */; };
		481E2E772A52D3D100EF5361 /* UICollectionView+register.swift in Sources */ = {isa = PBXBuildFile; fileRef = 481E2E762A52D3D100EF5361 /* UICollectionView+register.swift */; };
		481E2E7B2A52DB6600EF5361 /* CellRegistrationType.swift in Sources */ = {isa = PBXBuildFile; fileRef = 481E2E7A2A52DB6600EF5361 /* CellRegistrationType.swift */; };
		481E2E7D2A52DDB900EF5361 /* UICollectionView+dequeueReusableCell.swift in Sources */ = {isa = PBXBuildFile; fileRef = 481E2E7C2A52DDB800EF5361 /* UICollectionView+dequeueReusableCell.swift */; };
		481E2E7F2A52DDEE00EF5361 /* NSDirectionalEdgeInsets+uniform.swift in Sources */ = {isa = PBXBuildFile; fileRef = 481E2E7E2A52DDEE00EF5361 /* NSDirectionalEdgeInsets+uniform.swift */; };
		481E2E812A52DE4000EF5361 /* NSCollectionLayoutItem+withEntireSize.swift in Sources */ = {isa = PBXBuildFile; fileRef = 481E2E802A52DE4000EF5361 /* NSCollectionLayoutItem+withEntireSize.swift */; };
		481E2E832A52DEFD00EF5361 /* NSCollectionLayoutItem+entireWidth.swift in Sources */ = {isa = PBXBuildFile; fileRef = 481E2E822A52DEFD00EF5361 /* NSCollectionLayoutItem+entireWidth.swift */; };
		481E2E852A52DF4200EF5361 /* NSCollectionLayoutSection+listSection.swift in Sources */ = {isa = PBXBuildFile; fileRef = 481E2E842A52DF4200EF5361 /* NSCollectionLayoutSection+listSection.swift */; };
		481E2E872A52DF8300EF5361 /* UICollectionViewCompositionalLayout+listLayout.swift in Sources */ = {isa = PBXBuildFile; fileRef = 481E2E862A52DF8300EF5361 /* UICollectionViewCompositionalLayout+listLayout.swift */; };
		481E2E892A52E5F400EF5361 /* MutableCollection+safe.swift in Sources */ = {isa = PBXBuildFile; fileRef = 481E2E882A52E5F400EF5361 /* MutableCollection+safe.swift */; };
		481E2E8B2A52E97700EF5361 /* ConstraintMaker+equalToSuperView.swift in Sources */ = {isa = PBXBuildFile; fileRef = 481E2E8A2A52E97700EF5361 /* ConstraintMaker+equalToSuperView.swift */; };
		481E2E8D2A52EA0000EF5361 /* UIImageView+downloaded.swift in Sources */ = {isa = PBXBuildFile; fileRef = 481E2E8C2A52EA0000EF5361 /* UIImageView+downloaded.swift */; };
		481E2E912A52ECBF00EF5361 /* ConfigurationWebService.swift in Sources */ = {isa = PBXBuildFile; fileRef = 481E2E902A52ECBF00EF5361 /* ConfigurationWebService.swift */; };
		481E2E942A52ED3F00EF5361 /* ConfigurationRepository.swift in Sources */ = {isa = PBXBuildFile; fileRef = 481E2E932A52ED3F00EF5361 /* ConfigurationRepository.swift */; };
		481E2E972A52ED5100EF5361 /* ConfigurationRepositoryProtocol.swift in Sources */ = {isa = PBXBuildFile; fileRef = 481E2E962A52ED5100EF5361 /* ConfigurationRepositoryProtocol.swift */; };
		481E2E9C2A52EF9800EF5361 /* TMDBConfiguration.swift in Sources */ = {isa = PBXBuildFile; fileRef = 481E2E9B2A52EF9800EF5361 /* TMDBConfiguration.swift */; };
		481E2E9E2A52EFE000EF5361 /* TMDBImages.swift in Sources */ = {isa = PBXBuildFile; fileRef = 481E2E9D2A52EFE000EF5361 /* TMDBImages.swift */; };
		481E2EA12A52F05100EF5361 /* PosterSize.swift in Sources */ = {isa = PBXBuildFile; fileRef = 481E2EA02A52F05100EF5361 /* PosterSize.swift */; };
		481E2EA32A52F06600EF5361 /* LogoSize.swift in Sources */ = {isa = PBXBuildFile; fileRef = 481E2EA22A52F06600EF5361 /* LogoSize.swift */; };
		481E2EA52A52F08000EF5361 /* ProfileSize.swift in Sources */ = {isa = PBXBuildFile; fileRef = 481E2EA42A52F08000EF5361 /* ProfileSize.swift */; };
		481E2EA72A52F09300EF5361 /* StillSize.swift in Sources */ = {isa = PBXBuildFile; fileRef = 481E2EA62A52F09300EF5361 /* StillSize.swift */; };
		481E2EAA2A52F22000EF5361 /* Configuration.swift in Sources */ = {isa = PBXBuildFile; fileRef = 481E2EA92A52F22000EF5361 /* Configuration.swift */; };
		481E2EAD2A52F28C00EF5361 /* Images.swift in Sources */ = {isa = PBXBuildFile; fileRef = 481E2EAC2A52F28C00EF5361 /* Images.swift */; };
		481E2EB02A52F33A00EF5361 /* GetConfiguration.swift in Sources */ = {isa = PBXBuildFile; fileRef = 481E2EAF2A52F33A00EF5361 /* GetConfiguration.swift */; };
		481E2EB22A52F44600EF5361 /* ImagesConfiguration.swift in Sources */ = {isa = PBXBuildFile; fileRef = 481E2EB12A52F44600EF5361 /* ImagesConfiguration.swift */; };
		48BE3A252A4DE68A00BF894E /* AppDelegate.swift in Sources */ = {isa = PBXBuildFile; fileRef = 48BE3A242A4DE68A00BF894E /* AppDelegate.swift */; };
		48BE3A272A4DE68A00BF894E /* SceneDelegate.swift in Sources */ = {isa = PBXBuildFile; fileRef = 48BE3A262A4DE68A00BF894E /* SceneDelegate.swift */; };
		48BE3A2E2A4DE69100BF894E /* Assets.xcassets in Resources */ = {isa = PBXBuildFile; fileRef = 48BE3A2D2A4DE69100BF894E /* Assets.xcassets */; };
		48BE3A312A4DE69100BF894E /* LaunchScreen.storyboard in Resources */ = {isa = PBXBuildFile; fileRef = 48BE3A2F2A4DE69100BF894E /* LaunchScreen.storyboard */; };
		48BE3A5D2A4DE78F00BF894E /* DefaultNavigationViewController.swift in Sources */ = {isa = PBXBuildFile; fileRef = 48BE3A5C2A4DE78F00BF894E /* DefaultNavigationViewController.swift */; };
		48BE3A622A4DE91D00BF894E /* MovieListViewModel.swift in Sources */ = {isa = PBXBuildFile; fileRef = 48BE3A612A4DE91D00BF894E /* MovieListViewModel.swift */; };
		48BE3A652A4DEE6B00BF894E /* ConfigureView.swift in Sources */ = {isa = PBXBuildFile; fileRef = 48BE3A642A4DEE6B00BF894E /* ConfigureView.swift */; };
		48BE3A682A4DF0D500BF894E /* SnapKit in Frameworks */ = {isa = PBXBuildFile; productRef = 48BE3A672A4DF0D500BF894E /* SnapKit */; };
		48BE3A702A4DF36800BF894E /* thortful_challengeTests.swift in Sources */ = {isa = PBXBuildFile; fileRef = 48BE3A6F2A4DF36800BF894E /* thortful_challengeTests.swift */; };
		48BE3A772A4DF5FB00BF894E /* MoviesRepositoryProtocol.swift in Sources */ = {isa = PBXBuildFile; fileRef = 48BE3A762A4DF5FB00BF894E /* MoviesRepositoryProtocol.swift */; };
/* End PBXBuildFile section */

/* Begin PBXContainerItemProxy section */
		48BE3A712A4DF36800BF894E /* PBXContainerItemProxy */ = {
			isa = PBXContainerItemProxy;
			containerPortal = 48BE3A192A4DE68900BF894E /* Project object */;
			proxyType = 1;
			remoteGlobalIDString = 48BE3A202A4DE68A00BF894E;
			remoteInfo = thortful_challenge;
		};
/* End PBXContainerItemProxy section */

/* Begin PBXFileReference section */
		481153BD2A4DFB710066FB10 /* GenericWebService.swift */ = {isa = PBXFileReference; lastKnownFileType = sourcecode.swift; path = GenericWebService.swift; sourceTree = "<group>"; };
		481153BF2A4DFB9A0066FB10 /* DataFetcher.swift */ = {isa = PBXFileReference; lastKnownFileType = sourcecode.swift; path = DataFetcher.swift; sourceTree = "<group>"; };
		481153C12A4DFBB40066FB10 /* WebServiceErrors.swift */ = {isa = PBXFileReference; lastKnownFileType = sourcecode.swift; path = WebServiceErrors.swift; sourceTree = "<group>"; };
		481153C42A4F06F60066FB10 /* MoviesWebService.swift */ = {isa = PBXFileReference; lastKnownFileType = sourcecode.swift; path = MoviesWebService.swift; sourceTree = "<group>"; };
		481153C72A4F08550066FB10 /* URL+queryItemName.swift */ = {isa = PBXFileReference; lastKnownFileType = sourcecode.swift; path = "URL+queryItemName.swift"; sourceTree = "<group>"; };
		481153C92A4F08880066FB10 /* URL+appendingAPIKey.swift */ = {isa = PBXFileReference; lastKnownFileType = sourcecode.swift; path = "URL+appendingAPIKey.swift"; sourceTree = "<group>"; };
		481153CC2A4F08EC0066FB10 /* URL+appendingQueryItem.swift */ = {isa = PBXFileReference; lastKnownFileType = sourcecode.swift; path = "URL+appendingQueryItem.swift"; sourceTree = "<group>"; };
		481153CE2A4F09040066FB10 /* URL+appendingPathComponent.swift */ = {isa = PBXFileReference; lastKnownFileType = sourcecode.swift; path = "URL+appendingPathComponent.swift"; sourceTree = "<group>"; };
		481153D02A4F09880066FB10 /* URL+appendingPage.swift */ = {isa = PBXFileReference; lastKnownFileType = sourcecode.swift; path = "URL+appendingPage.swift"; sourceTree = "<group>"; };
		481153D32A4F0E580066FB10 /* URL+tmdbAPIBaseURL.swift */ = {isa = PBXFileReference; lastKnownFileType = sourcecode.swift; path = "URL+tmdbAPIBaseURL.swift"; sourceTree = "<group>"; };
		481153D62A4F14E40066FB10 /* APICliente.swift */ = {isa = PBXFileReference; lastKnownFileType = sourcecode.swift; path = APICliente.swift; sourceTree = "<group>"; };
		481153D82A4F152E0066FB10 /* URL+appendingLanguage.swift */ = {isa = PBXFileReference; lastKnownFileType = sourcecode.swift; path = "URL+appendingLanguage.swift"; sourceTree = "<group>"; };
		481153DB2A4F1EFA0066FB10 /* TMDbMovieResult.swift */ = {isa = PBXFileReference; lastKnownFileType = sourcecode.swift; path = TMDbMovieResult.swift; sourceTree = "<group>"; };
		481153DD2A4F1F3F0066FB10 /* TMDbMovie.swift */ = {isa = PBXFileReference; lastKnownFileType = sourcecode.swift; path = TMDbMovie.swift; sourceTree = "<group>"; };
		481153DF2A4F1F850066FB10 /* MoviesRepository.swift */ = {isa = PBXFileReference; lastKnownFileType = sourcecode.swift; path = MoviesRepository.swift; sourceTree = "<group>"; };
		481153EB2A4F319E0066FB10 /* GetPopularMovies.swift */ = {isa = PBXFileReference; lastKnownFileType = sourcecode.swift; path = GetPopularMovies.swift; sourceTree = "<group>"; };
		481153EE2A4F33190066FB10 /* ToDomainModelMapping.swift */ = {isa = PBXFileReference; lastKnownFileType = sourcecode.swift; path = ToDomainModelMapping.swift; sourceTree = "<group>"; };
		481153F12A4F333E0066FB10 /* MovieResult.swift */ = {isa = PBXFileReference; lastKnownFileType = sourcecode.swift; path = MovieResult.swift; sourceTree = "<group>"; };
		481153F32A4F33D40066FB10 /* Movie.swift */ = {isa = PBXFileReference; lastKnownFileType = sourcecode.swift; path = Movie.swift; sourceTree = "<group>"; };
		481E2E692A52D04600EF5361 /* MovieListCell.swift */ = {isa = PBXFileReference; lastKnownFileType = sourcecode.swift; path = MovieListCell.swift; sourceTree = "<group>"; };
		481E2E6D2A52D11A00EF5361 /* TMDbAPILiveClient.swift */ = {isa = PBXFileReference; lastKnownFileType = sourcecode.swift; path = TMDbAPILiveClient.swift; sourceTree = "<group>"; };
		481E2E6F2A52D1F800EF5361 /* MovieListCellViewModel.swift */ = {isa = PBXFileReference; lastKnownFileType = sourcecode.swift; path = MovieListCellViewModel.swift; sourceTree = "<group>"; };
		481E2E762A52D3D100EF5361 /* UICollectionView+register.swift */ = {isa = PBXFileReference; lastKnownFileType = sourcecode.swift; path = "UICollectionView+register.swift"; sourceTree = "<group>"; };
		481E2E7A2A52DB6600EF5361 /* CellRegistrationType.swift */ = {isa = PBXFileReference; lastKnownFileType = sourcecode.swift; path = CellRegistrationType.swift; sourceTree = "<group>"; };
		481E2E7C2A52DDB800EF5361 /* UICollectionView+dequeueReusableCell.swift */ = {isa = PBXFileReference; lastKnownFileType = sourcecode.swift; path = "UICollectionView+dequeueReusableCell.swift"; sourceTree = "<group>"; };
		481E2E7E2A52DDEE00EF5361 /* NSDirectionalEdgeInsets+uniform.swift */ = {isa = PBXFileReference; lastKnownFileType = sourcecode.swift; path = "NSDirectionalEdgeInsets+uniform.swift"; sourceTree = "<group>"; };
		481E2E802A52DE4000EF5361 /* NSCollectionLayoutItem+withEntireSize.swift */ = {isa = PBXFileReference; lastKnownFileType = sourcecode.swift; path = "NSCollectionLayoutItem+withEntireSize.swift"; sourceTree = "<group>"; };
		481E2E822A52DEFD00EF5361 /* NSCollectionLayoutItem+entireWidth.swift */ = {isa = PBXFileReference; lastKnownFileType = sourcecode.swift; path = "NSCollectionLayoutItem+entireWidth.swift"; sourceTree = "<group>"; };
		481E2E842A52DF4200EF5361 /* NSCollectionLayoutSection+listSection.swift */ = {isa = PBXFileReference; lastKnownFileType = sourcecode.swift; path = "NSCollectionLayoutSection+listSection.swift"; sourceTree = "<group>"; };
		481E2E862A52DF8300EF5361 /* UICollectionViewCompositionalLayout+listLayout.swift */ = {isa = PBXFileReference; lastKnownFileType = sourcecode.swift; path = "UICollectionViewCompositionalLayout+listLayout.swift"; sourceTree = "<group>"; };
		481E2E882A52E5F400EF5361 /* MutableCollection+safe.swift */ = {isa = PBXFileReference; lastKnownFileType = sourcecode.swift; path = "MutableCollection+safe.swift"; sourceTree = "<group>"; };
		481E2E8A2A52E97700EF5361 /* ConstraintMaker+equalToSuperView.swift */ = {isa = PBXFileReference; lastKnownFileType = sourcecode.swift; path = "ConstraintMaker+equalToSuperView.swift"; sourceTree = "<group>"; };
		481E2E8C2A52EA0000EF5361 /* UIImageView+downloaded.swift */ = {isa = PBXFileReference; lastKnownFileType = sourcecode.swift; path = "UIImageView+downloaded.swift"; sourceTree = "<group>"; };
		481E2E902A52ECBF00EF5361 /* ConfigurationWebService.swift */ = {isa = PBXFileReference; lastKnownFileType = sourcecode.swift; path = ConfigurationWebService.swift; sourceTree = "<group>"; };
		481E2E932A52ED3F00EF5361 /* ConfigurationRepository.swift */ = {isa = PBXFileReference; lastKnownFileType = sourcecode.swift; path = ConfigurationRepository.swift; sourceTree = "<group>"; };
		481E2E962A52ED5100EF5361 /* ConfigurationRepositoryProtocol.swift */ = {isa = PBXFileReference; lastKnownFileType = sourcecode.swift; path = ConfigurationRepositoryProtocol.swift; sourceTree = "<group>"; };
		481E2E9B2A52EF9800EF5361 /* TMDBConfiguration.swift */ = {isa = PBXFileReference; lastKnownFileType = sourcecode.swift; path = TMDBConfiguration.swift; sourceTree = "<group>"; };
		481E2E9D2A52EFE000EF5361 /* TMDBImages.swift */ = {isa = PBXFileReference; lastKnownFileType = sourcecode.swift; path = TMDBImages.swift; sourceTree = "<group>"; };
		481E2EA02A52F05100EF5361 /* PosterSize.swift */ = {isa = PBXFileReference; lastKnownFileType = sourcecode.swift; path = PosterSize.swift; sourceTree = "<group>"; };
		481E2EA22A52F06600EF5361 /* LogoSize.swift */ = {isa = PBXFileReference; lastKnownFileType = sourcecode.swift; path = LogoSize.swift; sourceTree = "<group>"; };
		481E2EA42A52F08000EF5361 /* ProfileSize.swift */ = {isa = PBXFileReference; lastKnownFileType = sourcecode.swift; path = ProfileSize.swift; sourceTree = "<group>"; };
		481E2EA62A52F09300EF5361 /* StillSize.swift */ = {isa = PBXFileReference; lastKnownFileType = sourcecode.swift; path = StillSize.swift; sourceTree = "<group>"; };
		481E2EA92A52F22000EF5361 /* Configuration.swift */ = {isa = PBXFileReference; lastKnownFileType = sourcecode.swift; path = Configuration.swift; sourceTree = "<group>"; };
		481E2EAC2A52F28C00EF5361 /* Images.swift */ = {isa = PBXFileReference; lastKnownFileType = sourcecode.swift; path = Images.swift; sourceTree = "<group>"; };
		481E2EAF2A52F33A00EF5361 /* GetConfiguration.swift */ = {isa = PBXFileReference; lastKnownFileType = sourcecode.swift; path = GetConfiguration.swift; sourceTree = "<group>"; };
		481E2EB12A52F44600EF5361 /* ImagesConfiguration.swift */ = {isa = PBXFileReference; lastKnownFileType = sourcecode.swift; path = ImagesConfiguration.swift; sourceTree = "<group>"; };
		48BE3A212A4DE68A00BF894E /* thortful_challenge.app */ = {isa = PBXFileReference; explicitFileType = wrapper.application; includeInIndex = 0; path = thortful_challenge.app; sourceTree = BUILT_PRODUCTS_DIR; };
		48BE3A242A4DE68A00BF894E /* AppDelegate.swift */ = {isa = PBXFileReference; lastKnownFileType = sourcecode.swift; path = AppDelegate.swift; sourceTree = "<group>"; };
		48BE3A262A4DE68A00BF894E /* SceneDelegate.swift */ = {isa = PBXFileReference; lastKnownFileType = sourcecode.swift; path = SceneDelegate.swift; sourceTree = "<group>"; };
		48BE3A2D2A4DE69100BF894E /* Assets.xcassets */ = {isa = PBXFileReference; lastKnownFileType = folder.assetcatalog; path = Assets.xcassets; sourceTree = "<group>"; };
		48BE3A302A4DE69100BF894E /* Base */ = {isa = PBXFileReference; lastKnownFileType = file.storyboard; name = Base; path = Base.lproj/LaunchScreen.storyboard; sourceTree = "<group>"; };
		48BE3A322A4DE69100BF894E /* Info.plist */ = {isa = PBXFileReference; lastKnownFileType = text.plist.xml; path = Info.plist; sourceTree = "<group>"; };
		48BE3A5C2A4DE78F00BF894E /* DefaultNavigationViewController.swift */ = {isa = PBXFileReference; lastKnownFileType = sourcecode.swift; path = DefaultNavigationViewController.swift; sourceTree = "<group>"; };
		48BE3A5F2A4DE8C700BF894E /* MovieListViewController.swift */ = {isa = PBXFileReference; lastKnownFileType = sourcecode.swift; path = MovieListViewController.swift; sourceTree = "<group>"; };
		48BE3A612A4DE91D00BF894E /* MovieListViewModel.swift */ = {isa = PBXFileReference; lastKnownFileType = sourcecode.swift; path = MovieListViewModel.swift; sourceTree = "<group>"; };
		48BE3A642A4DEE6B00BF894E /* ConfigureView.swift */ = {isa = PBXFileReference; lastKnownFileType = sourcecode.swift; path = ConfigureView.swift; sourceTree = "<group>"; };
		48BE3A6D2A4DF36800BF894E /* thortful_challengeTests.xctest */ = {isa = PBXFileReference; explicitFileType = wrapper.cfbundle; includeInIndex = 0; path = thortful_challengeTests.xctest; sourceTree = BUILT_PRODUCTS_DIR; };
		48BE3A6F2A4DF36800BF894E /* thortful_challengeTests.swift */ = {isa = PBXFileReference; lastKnownFileType = sourcecode.swift; path = thortful_challengeTests.swift; sourceTree = "<group>"; };
		48BE3A762A4DF5FB00BF894E /* MoviesRepositoryProtocol.swift */ = {isa = PBXFileReference; lastKnownFileType = sourcecode.swift; path = MoviesRepositoryProtocol.swift; sourceTree = "<group>"; };
/* End PBXFileReference section */

/* Begin PBXFrameworksBuildPhase section */
		48BE3A1E2A4DE68A00BF894E /* Frameworks */ = {
			isa = PBXFrameworksBuildPhase;
			buildActionMask = 2147483647;
			files = (
				48BE3A682A4DF0D500BF894E /* SnapKit in Frameworks */,
			);
			runOnlyForDeploymentPostprocessing = 0;
		};
		48BE3A6A2A4DF36800BF894E /* Frameworks */ = {
			isa = PBXFrameworksBuildPhase;
			buildActionMask = 2147483647;
			files = (
			);
			runOnlyForDeploymentPostprocessing = 0;
		};
/* End PBXFrameworksBuildPhase section */

/* Begin PBXGroup section */
		481153BC2A4DFB220066FB10 /* WebService */ = {
			isa = PBXGroup;
			children = (
				481153BD2A4DFB710066FB10 /* GenericWebService.swift */,
				481153BF2A4DFB9A0066FB10 /* DataFetcher.swift */,
				481153C12A4DFBB40066FB10 /* WebServiceErrors.swift */,
			);
			path = WebService;
			sourceTree = "<group>";
		};
		481153C62A4F083C0066FB10 /* Extensions */ = {
			isa = PBXGroup;
			children = (
				481E2E712A52D2FC00EF5361 /* Cells */,
				481153CB2A4F08DE0066FB10 /* URL */,
				481E2E7E2A52DDEE00EF5361 /* NSDirectionalEdgeInsets+uniform.swift */,
				481E2E802A52DE4000EF5361 /* NSCollectionLayoutItem+withEntireSize.swift */,
				481E2E822A52DEFD00EF5361 /* NSCollectionLayoutItem+entireWidth.swift */,
				481E2E842A52DF4200EF5361 /* NSCollectionLayoutSection+listSection.swift */,
				481E2E862A52DF8300EF5361 /* UICollectionViewCompositionalLayout+listLayout.swift */,
				481E2E882A52E5F400EF5361 /* MutableCollection+safe.swift */,
				481E2E8A2A52E97700EF5361 /* ConstraintMaker+equalToSuperView.swift */,
				481E2E8C2A52EA0000EF5361 /* UIImageView+downloaded.swift */,
			);
			path = Extensions;
			sourceTree = "<group>";
		};
		481153CB2A4F08DE0066FB10 /* URL */ = {
			isa = PBXGroup;
			children = (
				481153C72A4F08550066FB10 /* URL+queryItemName.swift */,
				481153C92A4F08880066FB10 /* URL+appendingAPIKey.swift */,
				481153CC2A4F08EC0066FB10 /* URL+appendingQueryItem.swift */,
				481153CE2A4F09040066FB10 /* URL+appendingPathComponent.swift */,
				481153D02A4F09880066FB10 /* URL+appendingPage.swift */,
				481153D32A4F0E580066FB10 /* URL+tmdbAPIBaseURL.swift */,
				481153D82A4F152E0066FB10 /* URL+appendingLanguage.swift */,
			);
			path = URL;
			sourceTree = "<group>";
		};
		481153D52A4F14BF0066FB10 /* Client */ = {
			isa = PBXGroup;
			children = (
				481153D62A4F14E40066FB10 /* APICliente.swift */,
				481E2E6D2A52D11A00EF5361 /* TMDbAPILiveClient.swift */,
			);
			path = Client;
			sourceTree = "<group>";
		};
		481153DA2A4F1EDC0066FB10 /* Models */ = {
			isa = PBXGroup;
			children = (
				481153DB2A4F1EFA0066FB10 /* TMDbMovieResult.swift */,
				481153DD2A4F1F3F0066FB10 /* TMDbMovie.swift */,
			);
			path = Models;
			sourceTree = "<group>";
		};
		481153EA2A4F318D0066FB10 /* Use Case */ = {
			isa = PBXGroup;
			children = (
				481153EB2A4F319E0066FB10 /* GetPopularMovies.swift */,
			);
			path = "Use Case";
			sourceTree = "<group>";
		};
		481153ED2A4F33110066FB10 /* Protocols */ = {
			isa = PBXGroup;
			children = (
				481153EE2A4F33190066FB10 /* ToDomainModelMapping.swift */,
			);
			path = Protocols;
			sourceTree = "<group>";
		};
		481153F02A4F33340066FB10 /* Models */ = {
			isa = PBXGroup;
			children = (
				481153F12A4F333E0066FB10 /* MovieResult.swift */,
				481153F32A4F33D40066FB10 /* Movie.swift */,
			);
			path = Models;
			sourceTree = "<group>";
		};
		481E2E682A52D03500EF5361 /* Cell */ = {
			isa = PBXGroup;
			children = (
				481E2E692A52D04600EF5361 /* MovieListCell.swift */,
				481E2E6F2A52D1F800EF5361 /* MovieListCellViewModel.swift */,
			);
			path = Cell;
			sourceTree = "<group>";
		};
		481E2E712A52D2FC00EF5361 /* Cells */ = {
			isa = PBXGroup;
			children = (
				481E2E762A52D3D100EF5361 /* UICollectionView+register.swift */,
				481E2E7A2A52DB6600EF5361 /* CellRegistrationType.swift */,
				481E2E7C2A52DDB800EF5361 /* UICollectionView+dequeueReusableCell.swift */,
			);
			path = Cells;
			sourceTree = "<group>";
		};
		481E2E8E2A52EC9F00EF5361 /* Common */ = {
			isa = PBXGroup;
			children = (
				481E2E9A2A52EF3400EF5361 /* Configuration */,
			);
			path = Common;
			sourceTree = "<group>";
		};
		481E2E8F2A52ECA400EF5361 /* Data */ = {
			isa = PBXGroup;
			children = (
				481E2E982A52EF2100EF5361 /* Models */,
				481E2E902A52ECBF00EF5361 /* ConfigurationWebService.swift */,
				481E2E932A52ED3F00EF5361 /* ConfigurationRepository.swift */,
			);
			path = Data;
			sourceTree = "<group>";
		};
		481E2E952A52ED4500EF5361 /* Domain */ = {
			isa = PBXGroup;
			children = (
				481E2EAE2A52F32E00EF5361 /* Use Case */,
				481E2EA82A52F21500EF5361 /* Models */,
				481E2E962A52ED5100EF5361 /* ConfigurationRepositoryProtocol.swift */,
				481E2EB12A52F44600EF5361 /* ImagesConfiguration.swift */,
			);
			path = Domain;
			sourceTree = "<group>";
		};
		481E2E982A52EF2100EF5361 /* Models */ = {
			isa = PBXGroup;
			children = (
				481E2E9B2A52EF9800EF5361 /* TMDBConfiguration.swift */,
				481E2E9D2A52EFE000EF5361 /* TMDBImages.swift */,
			);
			path = Models;
			sourceTree = "<group>";
		};
		481E2E9A2A52EF3400EF5361 /* Configuration */ = {
			isa = PBXGroup;
			children = (
				481E2E9F2A52F04600EF5361 /* Sizes */,
				481E2E8F2A52ECA400EF5361 /* Data */,
				481E2E952A52ED4500EF5361 /* Domain */,
			);
			path = Configuration;
			sourceTree = "<group>";
		};
		481E2E9F2A52F04600EF5361 /* Sizes */ = {
			isa = PBXGroup;
			children = (
				481E2EA02A52F05100EF5361 /* PosterSize.swift */,
				481E2EA22A52F06600EF5361 /* LogoSize.swift */,
				481E2EA42A52F08000EF5361 /* ProfileSize.swift */,
				481E2EA62A52F09300EF5361 /* StillSize.swift */,
			);
			path = Sizes;
			sourceTree = "<group>";
		};
		481E2EA82A52F21500EF5361 /* Models */ = {
			isa = PBXGroup;
			children = (
				481E2EA92A52F22000EF5361 /* Configuration.swift */,
				481E2EAC2A52F28C00EF5361 /* Images.swift */,
			);
			path = Models;
			sourceTree = "<group>";
		};
		481E2EAE2A52F32E00EF5361 /* Use Case */ = {
			isa = PBXGroup;
			children = (
				481E2EAF2A52F33A00EF5361 /* GetConfiguration.swift */,
			);
			path = "Use Case";
			sourceTree = "<group>";
		};
		48BE3A182A4DE68900BF894E = {
			isa = PBXGroup;
			children = (
				48BE3A232A4DE68A00BF894E /* thortful_challenge */,
				48BE3A6E2A4DF36800BF894E /* thortful_challengeTests */,
				48BE3A222A4DE68A00BF894E /* Products */,
			);
			sourceTree = "<group>";
		};
		48BE3A222A4DE68A00BF894E /* Products */ = {
			isa = PBXGroup;
			children = (
				48BE3A212A4DE68A00BF894E /* thortful_challenge.app */,
				48BE3A6D2A4DF36800BF894E /* thortful_challengeTests.xctest */,
			);
			name = Products;
			sourceTree = "<group>";
		};
		48BE3A232A4DE68A00BF894E /* thortful_challenge */ = {
			isa = PBXGroup;
			children = (
				48BE3A322A4DE69100BF894E /* Info.plist */,
				48BE3A562A4DE6E000BF894E /* App */,
				48BE3A242A4DE68A00BF894E /* AppDelegate.swift */,
				48BE3A262A4DE68A00BF894E /* SceneDelegate.swift */,
				48BE3A2D2A4DE69100BF894E /* Assets.xcassets */,
				48BE3A2F2A4DE69100BF894E /* LaunchScreen.storyboard */,
			);
			path = thortful_challenge;
			sourceTree = "<group>";
		};
		48BE3A542A4DE6D400BF894E /* Domain */ = {
			isa = PBXGroup;
			children = (
				481153F02A4F33340066FB10 /* Models */,
				481153EA2A4F318D0066FB10 /* Use Case */,
				48BE3A762A4DF5FB00BF894E /* MoviesRepositoryProtocol.swift */,
			);
			path = Domain;
			sourceTree = "<group>";
		};
		48BE3A562A4DE6E000BF894E /* App */ = {
			isa = PBXGroup;
			children = (
				481153D52A4F14BF0066FB10 /* Client */,
				481153BC2A4DFB220066FB10 /* WebService */,
				48BE3A632A4DE93000BF894E /* Helpers */,
				481E2E8E2A52EC9F00EF5361 /* Common */,
				48BE3A582A4DE6EB00BF894E /* Scenes */,
			);
			path = App;
			sourceTree = "<group>";
		};
		48BE3A572A4DE6E800BF894E /* Movie List */ = {
			isa = PBXGroup;
			children = (
				48BE3A5A2A4DE6FF00BF894E /* Presentation */,
				48BE3A592A4DE6FA00BF894E /* Data */,
				48BE3A542A4DE6D400BF894E /* Domain */,
			);
			path = "Movie List";
			sourceTree = "<group>";
		};
		48BE3A582A4DE6EB00BF894E /* Scenes */ = {
			isa = PBXGroup;
			children = (
				48BE3A5B2A4DE76800BF894E /* Navigation */,
				48BE3A572A4DE6E800BF894E /* Movie List */,
			);
			path = Scenes;
			sourceTree = "<group>";
		};
		48BE3A592A4DE6FA00BF894E /* Data */ = {
			isa = PBXGroup;
			children = (
				481153DA2A4F1EDC0066FB10 /* Models */,
				481153C42A4F06F60066FB10 /* MoviesWebService.swift */,
				481153DF2A4F1F850066FB10 /* MoviesRepository.swift */,
			);
			path = Data;
			sourceTree = "<group>";
		};
		48BE3A5A2A4DE6FF00BF894E /* Presentation */ = {
			isa = PBXGroup;
			children = (
				481E2E682A52D03500EF5361 /* Cell */,
				48BE3A5F2A4DE8C700BF894E /* MovieListViewController.swift */,
				48BE3A612A4DE91D00BF894E /* MovieListViewModel.swift */,
			);
			path = Presentation;
			sourceTree = "<group>";
		};
		48BE3A5B2A4DE76800BF894E /* Navigation */ = {
			isa = PBXGroup;
			children = (
				48BE3A5E2A4DE79300BF894E /* Presentation */,
			);
			path = Navigation;
			sourceTree = "<group>";
		};
		48BE3A5E2A4DE79300BF894E /* Presentation */ = {
			isa = PBXGroup;
			children = (
				48BE3A5C2A4DE78F00BF894E /* DefaultNavigationViewController.swift */,
			);
			path = Presentation;
			sourceTree = "<group>";
		};
		48BE3A632A4DE93000BF894E /* Helpers */ = {
			isa = PBXGroup;
			children = (
				481153ED2A4F33110066FB10 /* Protocols */,
				481153C62A4F083C0066FB10 /* Extensions */,
				48BE3A642A4DEE6B00BF894E /* ConfigureView.swift */,
			);
			path = Helpers;
			sourceTree = "<group>";
		};
		48BE3A6E2A4DF36800BF894E /* thortful_challengeTests */ = {
			isa = PBXGroup;
			children = (
				48BE3A6F2A4DF36800BF894E /* thortful_challengeTests.swift */,
			);
			path = thortful_challengeTests;
			sourceTree = "<group>";
		};
/* End PBXGroup section */

/* Begin PBXNativeTarget section */
		48BE3A202A4DE68A00BF894E /* thortful_challenge */ = {
			isa = PBXNativeTarget;
			buildConfigurationList = 48BE3A4B2A4DE69200BF894E /* Build configuration list for PBXNativeTarget "thortful_challenge" */;
			buildPhases = (
				48BE3A1D2A4DE68A00BF894E /* Sources */,
				48BE3A1E2A4DE68A00BF894E /* Frameworks */,
				48BE3A1F2A4DE68A00BF894E /* Resources */,
			);
			buildRules = (
			);
			dependencies = (
			);
			name = thortful_challenge;
			packageProductDependencies = (
				48BE3A672A4DF0D500BF894E /* SnapKit */,
			);
			productName = velv_challenge;
			productReference = 48BE3A212A4DE68A00BF894E /* thortful_challenge.app */;
			productType = "com.apple.product-type.application";
		};
		48BE3A6C2A4DF36800BF894E /* thortful_challengeTests */ = {
			isa = PBXNativeTarget;
			buildConfigurationList = 48BE3A732A4DF36800BF894E /* Build configuration list for PBXNativeTarget "thortful_challengeTests" */;
			buildPhases = (
				48BE3A692A4DF36800BF894E /* Sources */,
				48BE3A6A2A4DF36800BF894E /* Frameworks */,
				48BE3A6B2A4DF36800BF894E /* Resources */,
			);
			buildRules = (
			);
			dependencies = (
				48BE3A722A4DF36800BF894E /* PBXTargetDependency */,
			);
			name = thortful_challengeTests;
			productName = thortful_challengeTests;
			productReference = 48BE3A6D2A4DF36800BF894E /* thortful_challengeTests.xctest */;
			productType = "com.apple.product-type.bundle.unit-test";
		};
/* End PBXNativeTarget section */

/* Begin PBXProject section */
		48BE3A192A4DE68900BF894E /* Project object */ = {
			isa = PBXProject;
			attributes = {
				BuildIndependentTargetsInParallel = 1;
				LastSwiftUpdateCheck = 1430;
				LastUpgradeCheck = 1430;
				TargetAttributes = {
					48BE3A202A4DE68A00BF894E = {
						CreatedOnToolsVersion = 14.3.1;
					};
					48BE3A6C2A4DF36800BF894E = {
						CreatedOnToolsVersion = 14.3.1;
						TestTargetID = 48BE3A202A4DE68A00BF894E;
					};
				};
			};
			buildConfigurationList = 48BE3A1C2A4DE68900BF894E /* Build configuration list for PBXProject "thortful_challenge" */;
			compatibilityVersion = "Xcode 14.0";
			developmentRegion = en;
			hasScannedForEncodings = 0;
			knownRegions = (
				en,
				Base,
			);
			mainGroup = 48BE3A182A4DE68900BF894E;
			packageReferences = (
				48BE3A662A4DF0D400BF894E /* XCRemoteSwiftPackageReference "SnapKit" */,
			);
			productRefGroup = 48BE3A222A4DE68A00BF894E /* Products */;
			projectDirPath = "";
			projectRoot = "";
			targets = (
				48BE3A202A4DE68A00BF894E /* thortful_challenge */,
				48BE3A6C2A4DF36800BF894E /* thortful_challengeTests */,
			);
		};
/* End PBXProject section */

/* Begin PBXResourcesBuildPhase section */
		48BE3A1F2A4DE68A00BF894E /* Resources */ = {
			isa = PBXResourcesBuildPhase;
			buildActionMask = 2147483647;
			files = (
				48BE3A312A4DE69100BF894E /* LaunchScreen.storyboard in Resources */,
				48BE3A2E2A4DE69100BF894E /* Assets.xcassets in Resources */,
			);
			runOnlyForDeploymentPostprocessing = 0;
		};
		48BE3A6B2A4DF36800BF894E /* Resources */ = {
			isa = PBXResourcesBuildPhase;
			buildActionMask = 2147483647;
			files = (
			);
			runOnlyForDeploymentPostprocessing = 0;
		};
/* End PBXResourcesBuildPhase section */

/* Begin PBXSourcesBuildPhase section */
		48BE3A1D2A4DE68A00BF894E /* Sources */ = {
			isa = PBXSourcesBuildPhase;
			buildActionMask = 2147483647;
			files = (
				481153CF2A4F09040066FB10 /* URL+appendingPathComponent.swift in Sources */,
				481153DC2A4F1EFA0066FB10 /* TMDbMovieResult.swift in Sources */,
				481E2EA32A52F06600EF5361 /* LogoSize.swift in Sources */,
				481153D72A4F14E40066FB10 /* APICliente.swift in Sources */,
				48BE3A5D2A4DE78F00BF894E /* DefaultNavigationViewController.swift in Sources */,
				481153F22A4F333E0066FB10 /* MovieResult.swift in Sources */,
				481153C22A4DFBB40066FB10 /* WebServiceErrors.swift in Sources */,
				481E2E6C2A52D0E400EF5361 /* MovieListViewController.swift in Sources */,
				481E2EA52A52F08000EF5361 /* ProfileSize.swift in Sources */,
				481E2E892A52E5F400EF5361 /* MutableCollection+safe.swift in Sources */,
				481E2E702A52D1F800EF5361 /* MovieListCellViewModel.swift in Sources */,
				481E2E912A52ECBF00EF5361 /* ConfigurationWebService.swift in Sources */,
				481E2E872A52DF8300EF5361 /* UICollectionViewCompositionalLayout+listLayout.swift in Sources */,
				481153D12A4F09880066FB10 /* URL+appendingPage.swift in Sources */,
				481E2EA72A52F09300EF5361 /* StillSize.swift in Sources */,
				481E2E832A52DEFD00EF5361 /* NSCollectionLayoutItem+entireWidth.swift in Sources */,
				481153C82A4F08550066FB10 /* URL+queryItemName.swift in Sources */,
				481E2E6A2A52D04600EF5361 /* MovieListCell.swift in Sources */,
				481E2E8B2A52E97700EF5361 /* ConstraintMaker+equalToSuperView.swift in Sources */,
				481153F42A4F33D40066FB10 /* Movie.swift in Sources */,
				48BE3A772A4DF5FB00BF894E /* MoviesRepositoryProtocol.swift in Sources */,
				48BE3A652A4DEE6B00BF894E /* ConfigureView.swift in Sources */,
				48BE3A252A4DE68A00BF894E /* AppDelegate.swift in Sources */,
				48BE3A272A4DE68A00BF894E /* SceneDelegate.swift in Sources */,
				481E2E9C2A52EF9800EF5361 /* TMDBConfiguration.swift in Sources */,
				481153CA2A4F08880066FB10 /* URL+appendingAPIKey.swift in Sources */,
				481E2E852A52DF4200EF5361 /* NSCollectionLayoutSection+listSection.swift in Sources */,
				481E2E812A52DE4000EF5361 /* NSCollectionLayoutItem+withEntireSize.swift in Sources */,
				481E2E8D2A52EA0000EF5361 /* UIImageView+downloaded.swift in Sources */,
				481153EF2A4F33190066FB10 /* ToDomainModelMapping.swift in Sources */,
				481E2EB22A52F44600EF5361 /* ImagesConfiguration.swift in Sources */,
				481E2E7B2A52DB6600EF5361 /* CellRegistrationType.swift in Sources */,
				481153C02A4DFB9A0066FB10 /* DataFetcher.swift in Sources */,
				481153E02A4F1F850066FB10 /* MoviesRepository.swift in Sources */,
				481153BE2A4DFB710066FB10 /* GenericWebService.swift in Sources */,
				481E2E7D2A52DDB900EF5361 /* UICollectionView+dequeueReusableCell.swift in Sources */,
				481153D42A4F0E580066FB10 /* URL+tmdbAPIBaseURL.swift in Sources */,
				481E2EAA2A52F22000EF5361 /* Configuration.swift in Sources */,
				481E2EAD2A52F28C00EF5361 /* Images.swift in Sources */,
				48BE3A622A4DE91D00BF894E /* MovieListViewModel.swift in Sources */,
				481153D92A4F152E0066FB10 /* URL+appendingLanguage.swift in Sources */,
				481E2E942A52ED3F00EF5361 /* ConfigurationRepository.swift in Sources */,
				481E2E7F2A52DDEE00EF5361 /* NSDirectionalEdgeInsets+uniform.swift in Sources */,
				481E2EA12A52F05100EF5361 /* PosterSize.swift in Sources */,
				481E2E972A52ED5100EF5361 /* ConfigurationRepositoryProtocol.swift in Sources */,
				481153CD2A4F08EC0066FB10 /* URL+appendingQueryItem.swift in Sources */,
				481E2EB02A52F33A00EF5361 /* GetConfiguration.swift in Sources */,
				481E2E772A52D3D100EF5361 /* UICollectionView+register.swift in Sources */,
				481153EC2A4F319E0066FB10 /* GetPopularMovies.swift in Sources */,
				481153DE2A4F1F3F0066FB10 /* TMDbMovie.swift in Sources */,
				481E2E6E2A52D11A00EF5361 /* TMDbAPILiveClient.swift in Sources */,
				481153C52A4F06F60066FB10 /* MoviesWebService.swift in Sources */,
				481E2E9E2A52EFE000EF5361 /* TMDBImages.swift in Sources */,
			);
			runOnlyForDeploymentPostprocessing = 0;
		};
		48BE3A692A4DF36800BF894E /* Sources */ = {
			isa = PBXSourcesBuildPhase;
			buildActionMask = 2147483647;
			files = (
				48BE3A702A4DF36800BF894E /* thortful_challengeTests.swift in Sources */,
			);
			runOnlyForDeploymentPostprocessing = 0;
		};
/* End PBXSourcesBuildPhase section */

/* Begin PBXTargetDependency section */
		48BE3A722A4DF36800BF894E /* PBXTargetDependency */ = {
			isa = PBXTargetDependency;
			target = 48BE3A202A4DE68A00BF894E /* thortful_challenge */;
			targetProxy = 48BE3A712A4DF36800BF894E /* PBXContainerItemProxy */;
		};
/* End PBXTargetDependency section */

/* Begin PBXVariantGroup section */
		48BE3A2F2A4DE69100BF894E /* LaunchScreen.storyboard */ = {
			isa = PBXVariantGroup;
			children = (
				48BE3A302A4DE69100BF894E /* Base */,
			);
			name = LaunchScreen.storyboard;
			sourceTree = "<group>";
		};
/* End PBXVariantGroup section */

/* Begin XCBuildConfiguration section */
		48BE3A492A4DE69200BF894E /* Debug */ = {
			isa = XCBuildConfiguration;
			buildSettings = {
				ALWAYS_SEARCH_USER_PATHS = NO;
				CLANG_ANALYZER_NONNULL = YES;
				CLANG_ANALYZER_NUMBER_OBJECT_CONVERSION = YES_AGGRESSIVE;
				CLANG_CXX_LANGUAGE_STANDARD = "gnu++20";
				CLANG_ENABLE_MODULES = YES;
				CLANG_ENABLE_OBJC_ARC = YES;
				CLANG_ENABLE_OBJC_WEAK = YES;
				CLANG_WARN_BLOCK_CAPTURE_AUTORELEASING = YES;
				CLANG_WARN_BOOL_CONVERSION = YES;
				CLANG_WARN_COMMA = YES;
				CLANG_WARN_CONSTANT_CONVERSION = YES;
				CLANG_WARN_DEPRECATED_OBJC_IMPLEMENTATIONS = YES;
				CLANG_WARN_DIRECT_OBJC_ISA_USAGE = YES_ERROR;
				CLANG_WARN_DOCUMENTATION_COMMENTS = YES;
				CLANG_WARN_EMPTY_BODY = YES;
				CLANG_WARN_ENUM_CONVERSION = YES;
				CLANG_WARN_INFINITE_RECURSION = YES;
				CLANG_WARN_INT_CONVERSION = YES;
				CLANG_WARN_NON_LITERAL_NULL_CONVERSION = YES;
				CLANG_WARN_OBJC_IMPLICIT_RETAIN_SELF = YES;
				CLANG_WARN_OBJC_LITERAL_CONVERSION = YES;
				CLANG_WARN_OBJC_ROOT_CLASS = YES_ERROR;
				CLANG_WARN_QUOTED_INCLUDE_IN_FRAMEWORK_HEADER = YES;
				CLANG_WARN_RANGE_LOOP_ANALYSIS = YES;
				CLANG_WARN_STRICT_PROTOTYPES = YES;
				CLANG_WARN_SUSPICIOUS_MOVE = YES;
				CLANG_WARN_UNGUARDED_AVAILABILITY = YES_AGGRESSIVE;
				CLANG_WARN_UNREACHABLE_CODE = YES;
				CLANG_WARN__DUPLICATE_METHOD_MATCH = YES;
				COPY_PHASE_STRIP = NO;
				DEBUG_INFORMATION_FORMAT = dwarf;
				ENABLE_STRICT_OBJC_MSGSEND = YES;
				ENABLE_TESTABILITY = YES;
				GCC_C_LANGUAGE_STANDARD = gnu11;
				GCC_DYNAMIC_NO_PIC = NO;
				GCC_NO_COMMON_BLOCKS = YES;
				GCC_OPTIMIZATION_LEVEL = 0;
				GCC_PREPROCESSOR_DEFINITIONS = (
					"DEBUG=1",
					"$(inherited)",
				);
				GCC_WARN_64_TO_32_BIT_CONVERSION = YES;
				GCC_WARN_ABOUT_RETURN_TYPE = YES_ERROR;
				GCC_WARN_UNDECLARED_SELECTOR = YES;
				GCC_WARN_UNINITIALIZED_AUTOS = YES_AGGRESSIVE;
				GCC_WARN_UNUSED_FUNCTION = YES;
				GCC_WARN_UNUSED_VARIABLE = YES;
				IPHONEOS_DEPLOYMENT_TARGET = 16.4;
				MTL_ENABLE_DEBUG_INFO = INCLUDE_SOURCE;
				MTL_FAST_MATH = YES;
				ONLY_ACTIVE_ARCH = YES;
				SDKROOT = iphoneos;
				SWIFT_ACTIVE_COMPILATION_CONDITIONS = DEBUG;
				SWIFT_OPTIMIZATION_LEVEL = "-Onone";
			};
			name = Debug;
		};
		48BE3A4A2A4DE69200BF894E /* Release */ = {
			isa = XCBuildConfiguration;
			buildSettings = {
				ALWAYS_SEARCH_USER_PATHS = NO;
				CLANG_ANALYZER_NONNULL = YES;
				CLANG_ANALYZER_NUMBER_OBJECT_CONVERSION = YES_AGGRESSIVE;
				CLANG_CXX_LANGUAGE_STANDARD = "gnu++20";
				CLANG_ENABLE_MODULES = YES;
				CLANG_ENABLE_OBJC_ARC = YES;
				CLANG_ENABLE_OBJC_WEAK = YES;
				CLANG_WARN_BLOCK_CAPTURE_AUTORELEASING = YES;
				CLANG_WARN_BOOL_CONVERSION = YES;
				CLANG_WARN_COMMA = YES;
				CLANG_WARN_CONSTANT_CONVERSION = YES;
				CLANG_WARN_DEPRECATED_OBJC_IMPLEMENTATIONS = YES;
				CLANG_WARN_DIRECT_OBJC_ISA_USAGE = YES_ERROR;
				CLANG_WARN_DOCUMENTATION_COMMENTS = YES;
				CLANG_WARN_EMPTY_BODY = YES;
				CLANG_WARN_ENUM_CONVERSION = YES;
				CLANG_WARN_INFINITE_RECURSION = YES;
				CLANG_WARN_INT_CONVERSION = YES;
				CLANG_WARN_NON_LITERAL_NULL_CONVERSION = YES;
				CLANG_WARN_OBJC_IMPLICIT_RETAIN_SELF = YES;
				CLANG_WARN_OBJC_LITERAL_CONVERSION = YES;
				CLANG_WARN_OBJC_ROOT_CLASS = YES_ERROR;
				CLANG_WARN_QUOTED_INCLUDE_IN_FRAMEWORK_HEADER = YES;
				CLANG_WARN_RANGE_LOOP_ANALYSIS = YES;
				CLANG_WARN_STRICT_PROTOTYPES = YES;
				CLANG_WARN_SUSPICIOUS_MOVE = YES;
				CLANG_WARN_UNGUARDED_AVAILABILITY = YES_AGGRESSIVE;
				CLANG_WARN_UNREACHABLE_CODE = YES;
				CLANG_WARN__DUPLICATE_METHOD_MATCH = YES;
				COPY_PHASE_STRIP = NO;
				DEBUG_INFORMATION_FORMAT = "dwarf-with-dsym";
				ENABLE_NS_ASSERTIONS = NO;
				ENABLE_STRICT_OBJC_MSGSEND = YES;
				GCC_C_LANGUAGE_STANDARD = gnu11;
				GCC_NO_COMMON_BLOCKS = YES;
				GCC_WARN_64_TO_32_BIT_CONVERSION = YES;
				GCC_WARN_ABOUT_RETURN_TYPE = YES_ERROR;
				GCC_WARN_UNDECLARED_SELECTOR = YES;
				GCC_WARN_UNINITIALIZED_AUTOS = YES_AGGRESSIVE;
				GCC_WARN_UNUSED_FUNCTION = YES;
				GCC_WARN_UNUSED_VARIABLE = YES;
				IPHONEOS_DEPLOYMENT_TARGET = 16.4;
				MTL_ENABLE_DEBUG_INFO = NO;
				MTL_FAST_MATH = YES;
				SDKROOT = iphoneos;
				SWIFT_COMPILATION_MODE = wholemodule;
				SWIFT_OPTIMIZATION_LEVEL = "-O";
				VALIDATE_PRODUCT = YES;
			};
			name = Release;
		};
		48BE3A4C2A4DE69200BF894E /* Debug */ = {
			isa = XCBuildConfiguration;
			buildSettings = {
				ASSETCATALOG_COMPILER_APPICON_NAME = AppIcon;
				ASSETCATALOG_COMPILER_GLOBAL_ACCENT_COLOR_NAME = AccentColor;
				CODE_SIGN_STYLE = Automatic;
				CURRENT_PROJECT_VERSION = 1;
				DEVELOPMENT_TEAM = 3UB3G6X7YA;
				GENERATE_INFOPLIST_FILE = YES;
				INFOPLIST_FILE = thortful_challenge/Info.plist;
				INFOPLIST_KEY_UIApplicationSupportsIndirectInputEvents = YES;
				INFOPLIST_KEY_UILaunchStoryboardName = LaunchScreen.storyboard;
				INFOPLIST_KEY_UISupportedInterfaceOrientations_iPad = "UIInterfaceOrientationPortrait UIInterfaceOrientationPortraitUpsideDown UIInterfaceOrientationLandscapeLeft UIInterfaceOrientationLandscapeRight";
				INFOPLIST_KEY_UISupportedInterfaceOrientations_iPhone = "UIInterfaceOrientationPortrait UIInterfaceOrientationLandscapeLeft UIInterfaceOrientationLandscapeRight";
				LD_RUNPATH_SEARCH_PATHS = (
					"$(inherited)",
					"@executable_path/Frameworks",
				);
				MARKETING_VERSION = 1.0;
				PRODUCT_BUNDLE_IDENTIFIER = "com.tukestolo.velv-challenge";
				PRODUCT_NAME = "$(TARGET_NAME)";
				SWIFT_EMIT_LOC_STRINGS = YES;
				SWIFT_VERSION = 5.0;
				TARGETED_DEVICE_FAMILY = "1,2";
			};
			name = Debug;
		};
		48BE3A4D2A4DE69200BF894E /* Release */ = {
			isa = XCBuildConfiguration;
			buildSettings = {
				ASSETCATALOG_COMPILER_APPICON_NAME = AppIcon;
				ASSETCATALOG_COMPILER_GLOBAL_ACCENT_COLOR_NAME = AccentColor;
				CODE_SIGN_STYLE = Automatic;
				CURRENT_PROJECT_VERSION = 1;
				DEVELOPMENT_TEAM = 3UB3G6X7YA;
				GENERATE_INFOPLIST_FILE = YES;
				INFOPLIST_FILE = thortful_challenge/Info.plist;
				INFOPLIST_KEY_UIApplicationSupportsIndirectInputEvents = YES;
				INFOPLIST_KEY_UILaunchStoryboardName = LaunchScreen.storyboard;
				INFOPLIST_KEY_UISupportedInterfaceOrientations_iPad = "UIInterfaceOrientationPortrait UIInterfaceOrientationPortraitUpsideDown UIInterfaceOrientationLandscapeLeft UIInterfaceOrientationLandscapeRight";
				INFOPLIST_KEY_UISupportedInterfaceOrientations_iPhone = "UIInterfaceOrientationPortrait UIInterfaceOrientationLandscapeLeft UIInterfaceOrientationLandscapeRight";
				LD_RUNPATH_SEARCH_PATHS = (
					"$(inherited)",
					"@executable_path/Frameworks",
				);
				MARKETING_VERSION = 1.0;
				PRODUCT_BUNDLE_IDENTIFIER = "com.tukestolo.velv-challenge";
				PRODUCT_NAME = "$(TARGET_NAME)";
				SWIFT_EMIT_LOC_STRINGS = YES;
				SWIFT_VERSION = 5.0;
				TARGETED_DEVICE_FAMILY = "1,2";
			};
			name = Release;
		};
		48BE3A742A4DF36800BF894E /* Debug */ = {
			isa = XCBuildConfiguration;
			buildSettings = {
				BUNDLE_LOADER = "$(TEST_HOST)";
				CODE_SIGN_STYLE = Automatic;
				CURRENT_PROJECT_VERSION = 1;
				DEVELOPMENT_TEAM = 3UB3G6X7YA;
				GENERATE_INFOPLIST_FILE = YES;
				MARKETING_VERSION = 1.0;
				PRODUCT_BUNDLE_IDENTIFIER = "com.tukestolo.thortful-challengeTests";
				PRODUCT_NAME = "$(TARGET_NAME)";
				SWIFT_EMIT_LOC_STRINGS = NO;
				SWIFT_VERSION = 5.0;
				TARGETED_DEVICE_FAMILY = "1,2";
				TEST_HOST = "$(BUILT_PRODUCTS_DIR)/thortful_challenge.app/$(BUNDLE_EXECUTABLE_FOLDER_PATH)/thortful_challenge";
			};
			name = Debug;
		};
		48BE3A752A4DF36800BF894E /* Release */ = {
			isa = XCBuildConfiguration;
			buildSettings = {
				BUNDLE_LOADER = "$(TEST_HOST)";
				CODE_SIGN_STYLE = Automatic;
				CURRENT_PROJECT_VERSION = 1;
				DEVELOPMENT_TEAM = 3UB3G6X7YA;
				GENERATE_INFOPLIST_FILE = YES;
				MARKETING_VERSION = 1.0;
				PRODUCT_BUNDLE_IDENTIFIER = "com.tukestolo.thortful-challengeTests";
				PRODUCT_NAME = "$(TARGET_NAME)";
				SWIFT_EMIT_LOC_STRINGS = NO;
				SWIFT_VERSION = 5.0;
				TARGETED_DEVICE_FAMILY = "1,2";
				TEST_HOST = "$(BUILT_PRODUCTS_DIR)/thortful_challenge.app/$(BUNDLE_EXECUTABLE_FOLDER_PATH)/thortful_challenge";
			};
			name = Release;
		};
/* End XCBuildConfiguration section */

/* Begin XCConfigurationList section */
		48BE3A1C2A4DE68900BF894E /* Build configuration list for PBXProject "thortful_challenge" */ = {
			isa = XCConfigurationList;
			buildConfigurations = (
				48BE3A492A4DE69200BF894E /* Debug */,
				48BE3A4A2A4DE69200BF894E /* Release */,
			);
			defaultConfigurationIsVisible = 0;
			defaultConfigurationName = Release;
		};
		48BE3A4B2A4DE69200BF894E /* Build configuration list for PBXNativeTarget "thortful_challenge" */ = {
			isa = XCConfigurationList;
			buildConfigurations = (
				48BE3A4C2A4DE69200BF894E /* Debug */,
				48BE3A4D2A4DE69200BF894E /* Release */,
			);
			defaultConfigurationIsVisible = 0;
			defaultConfigurationName = Release;
		};
		48BE3A732A4DF36800BF894E /* Build configuration list for PBXNativeTarget "thortful_challengeTests" */ = {
			isa = XCConfigurationList;
			buildConfigurations = (
				48BE3A742A4DF36800BF894E /* Debug */,
				48BE3A752A4DF36800BF894E /* Release */,
			);
			defaultConfigurationIsVisible = 0;
			defaultConfigurationName = Release;
		};
/* End XCConfigurationList section */

/* Begin XCRemoteSwiftPackageReference section */
		48BE3A662A4DF0D400BF894E /* XCRemoteSwiftPackageReference "SnapKit" */ = {
			isa = XCRemoteSwiftPackageReference;
			repositoryURL = "https://github.com/SnapKit/SnapKit.git";
			requirement = {
				kind = exactVersion;
				version = 5.6.0;
			};
		};
/* End XCRemoteSwiftPackageReference section */

/* Begin XCSwiftPackageProductDependency section */
		48BE3A672A4DF0D500BF894E /* SnapKit */ = {
			isa = XCSwiftPackageProductDependency;
			package = 48BE3A662A4DF0D400BF894E /* XCRemoteSwiftPackageReference "SnapKit" */;
			productName = SnapKit;
		};
/* End XCSwiftPackageProductDependency section */
	};
	rootObject = 48BE3A192A4DE68900BF894E /* Project object */;
}
